// !$*UTF8*$!
{
	archiveVersion = 1;
	classes = {
	};
	objectVersion = 46;
	objects = {

/* Begin PBXBuildFile section */
		8E07EB4D1DEA70690061351B /* ConversationCell.swift in Sources */ = {isa = PBXBuildFile; fileRef = 8E07EB4C1DEA70690061351B /* ConversationCell.swift */; };
		8E07EB4F1DEA75660061351B /* User.swift in Sources */ = {isa = PBXBuildFile; fileRef = 8E07EB4E1DEA75660061351B /* User.swift */; };
		8E0B353A1D7C63AB008872FD /* QBUserService.swift in Sources */ = {isa = PBXBuildFile; fileRef = 8E0B35391D7C63AB008872FD /* QBUserService.swift */; };
		8E0B353C1D7C6898008872FD /* UserService.swift in Sources */ = {isa = PBXBuildFile; fileRef = 8E0B353B1D7C6898008872FD /* UserService.swift */; };
		8E19458F1C60752500C3EC41 /* WelcomeViewController.swift in Sources */ = {isa = PBXBuildFile; fileRef = 8E19458E1C60752500C3EC41 /* WelcomeViewController.swift */; };
		8E24D9D51CAEB5B8008B4520 /* BVTabBarController.swift in Sources */ = {isa = PBXBuildFile; fileRef = 8E24D9D41CAEB5B8008B4520 /* BVTabBarController.swift */; };
		8E30E6DB1DCF84AF004C4F55 /* SessionService.swift in Sources */ = {isa = PBXBuildFile; fileRef = 8E30E6DA1DCF84AF004C4F55 /* SessionService.swift */; };
		8E39C21B1C7E704B00C9B995 /* PFObject+Activity.swift in Sources */ = {isa = PBXBuildFile; fileRef = 8E39C21A1C7E704B00C9B995 /* PFObject+Activity.swift */; };
		8E406E6D1C7E3DB000E6F77C /* LoginViewController.swift in Sources */ = {isa = PBXBuildFile; fileRef = 8E406E6C1C7E3DB000E6F77C /* LoginViewController.swift */; };
		8E4F78621DF3619800BFAEC1 /* ActivitiesNavigationController.swift in Sources */ = {isa = PBXBuildFile; fileRef = 8E4F78611DF3619800BFAEC1 /* ActivitiesNavigationController.swift */; };
		8E6CD7771CAC720C00A556F9 /* JoinCell.swift in Sources */ = {isa = PBXBuildFile; fileRef = 8E6CD7761CAC720C00A556F9 /* JoinCell.swift */; };
		8E73665B1CA9F46500F3642E /* InviteViewController.swift in Sources */ = {isa = PBXBuildFile; fileRef = 8E73665A1CA9F46500F3642E /* InviteViewController.swift */; };
		8E91D4641C5D03F900C6D406 /* ActivitiesCell.swift in Sources */ = {isa = PBXBuildFile; fileRef = 8E91D4631C5D03F900C6D406 /* ActivitiesCell.swift */; };
		8E9515151C605F82007F8BCB /* FBSDKCoreKit.framework in Frameworks */ = {isa = PBXBuildFile; fileRef = 8E9515121C605F82007F8BCB /* FBSDKCoreKit.framework */; };
		8E9515161C605F83007F8BCB /* FBSDKLoginKit.framework in Frameworks */ = {isa = PBXBuildFile; fileRef = 8E9515131C605F82007F8BCB /* FBSDKLoginKit.framework */; };
		8E9515171C605F83007F8BCB /* FBSDKShareKit.framework in Frameworks */ = {isa = PBXBuildFile; fileRef = 8E9515141C605F82007F8BCB /* FBSDKShareKit.framework */; };
		8E99B94F1DC5A448007C4AC0 /* String+Utils.swift in Sources */ = {isa = PBXBuildFile; fileRef = 8E99B94E1DC5A448007C4AC0 /* String+Utils.swift */; };
		8E9B14021CA95F0D005701EE /* CategoryCell.swift in Sources */ = {isa = PBXBuildFile; fileRef = 8E9B14011CA95F0D005701EE /* CategoryCell.swift */; };
		8E9C88391C8F3346005B09F2 /* DistanceFilterView.swift in Sources */ = {isa = PBXBuildFile; fileRef = 8E9C88381C8F3346005B09F2 /* DistanceFilterView.swift */; };
		8E9FDFCE1C4FC854006532B0 /* SearchCategoriesViewController.swift in Sources */ = {isa = PBXBuildFile; fileRef = 8E9FDFCD1C4FC854006532B0 /* SearchCategoriesViewController.swift */; };
		8EA047CF1C4FDEA900CCCAC3 /* ProgressView.swift in Sources */ = {isa = PBXBuildFile; fileRef = 8EA047CE1C4FDEA900CCCAC3 /* ProgressView.swift */; };
		8EBEDADB1C440B15002DDA70 /* BVSlider.swift in Sources */ = {isa = PBXBuildFile; fileRef = 8EBEDADA1C440B15002DDA70 /* BVSlider.swift */; };
		8EBEDADD1C442290002DDA70 /* GenderFilterView.swift in Sources */ = {isa = PBXBuildFile; fileRef = 8EBEDADC1C442290002DDA70 /* GenderFilterView.swift */; };
		8EBEDADF1C442362002DDA70 /* AgeRangeFilterView.swift in Sources */ = {isa = PBXBuildFile; fileRef = 8EBEDADE1C442362002DDA70 /* AgeRangeFilterView.swift */; };
		8EBEDAE11C4423FC002DDA70 /* GroupSizeFilterView.swift in Sources */ = {isa = PBXBuildFile; fileRef = 8EBEDAE01C4423FC002DDA70 /* GroupSizeFilterView.swift */; };
		8EC310AF1C7BAFCA00992E7A /* LocationPhiladelphia.gpx in Resources */ = {isa = PBXBuildFile; fileRef = 8EC310AE1C7BAFCA00992E7A /* LocationPhiladelphia.gpx */; };
		8EC4E2451CAB11E400FC071A /* UserCell.swift in Sources */ = {isa = PBXBuildFile; fileRef = 8EC4E2441CAB11E400FC071A /* UserCell.swift */; };
		8ECA14E21DD24D85003DF990 /* ChatViewController.swift in Sources */ = {isa = PBXBuildFile; fileRef = 8ECA14E11DD24D85003DF990 /* ChatViewController.swift */; };
		8ECA14E41DD24DCB003DF990 /* Chat.storyboard in Resources */ = {isa = PBXBuildFile; fileRef = 8ECA14E31DD24DCB003DF990 /* Chat.storyboard */; };
		8ECA14E61DD24E18003DF990 /* QBChatMessage+LunrExtensions.swift in Sources */ = {isa = PBXBuildFile; fileRef = 8ECA14E51DD24E18003DF990 /* QBChatMessage+LunrExtensions.swift */; };
		8ECA14E81DD24E43003DF990 /* UIImage+LunrExtensions.swift in Sources */ = {isa = PBXBuildFile; fileRef = 8ECA14E71DD24E43003DF990 /* UIImage+LunrExtensions.swift */; };
		8ECA14EC1DD29BC6003DF990 /* DatesViewController.swift in Sources */ = {isa = PBXBuildFile; fileRef = 8ECA14EB1DD29BC6003DF990 /* DatesViewController.swift */; };
		8ECA14F01DD41732003DF990 /* Activity.swift in Sources */ = {isa = PBXBuildFile; fileRef = 8ECA14EF1DD41732003DF990 /* Activity.swift */; };
		8ECE75E11C7D1F5700302246 /* ActivityRequest.swift in Sources */ = {isa = PBXBuildFile; fileRef = 8ECE75E01C7D1F5700302246 /* ActivityRequest.swift */; };
		8ED342701DE3DD3200DA5755 /* ConfigurableNavigationController.swift in Sources */ = {isa = PBXBuildFile; fileRef = 8ED3426F1DE3DD3200DA5755 /* ConfigurableNavigationController.swift */; };
		8ED342721DE3E3C300DA5755 /* ChatListViewController.swift in Sources */ = {isa = PBXBuildFile; fileRef = 8ED342711DE3E3C300DA5755 /* ChatListViewController.swift */; };
		8ED342751DE3E4AA00DA5755 /* Conversation.swift in Sources */ = {isa = PBXBuildFile; fileRef = 8ED342741DE3E4AA00DA5755 /* Conversation.swift */; };
		8EDE33671DC55E4E000D95E7 /* Credits in Resources */ = {isa = PBXBuildFile; fileRef = 8EDE33661DC55E4E000D95E7 /* Credits */; };
		8EE391FD1C5D657D003DF922 /* CategoryFactory.swift in Sources */ = {isa = PBXBuildFile; fileRef = 8EE391FC1C5D657D003DF922 /* CategoryFactory.swift */; };
		8EEF98B21DCE55C900D5BF31 /* Old.storyboard in Resources */ = {isa = PBXBuildFile; fileRef = 8EEF98B11DCE55C900D5BF31 /* Old.storyboard */; };
		8EEF98B41DCE55F800D5BF31 /* Activities.storyboard in Resources */ = {isa = PBXBuildFile; fileRef = 8EEF98B31DCE55F800D5BF31 /* Activities.storyboard */; };
		8EF20F271DD2107F00BFA659 /* MatchedBondsViewController.swift in Sources */ = {isa = PBXBuildFile; fileRef = 8EF20F261DD2107F00BFA659 /* MatchedBondsViewController.swift */; };
		8EF20F291DD210A300BFA659 /* RequestedBondsViewController.swift in Sources */ = {isa = PBXBuildFile; fileRef = 8EF20F281DD210A300BFA659 /* RequestedBondsViewController.swift */; };
		AC1698461C1C7AB200E3DAAE /* UserRequest.swift in Sources */ = {isa = PBXBuildFile; fileRef = AC1698451C1C7AB200E3DAAE /* UserRequest.swift */; };
		AC75B88E1C232C5F00D74F8E /* Constants.swift in Sources */ = {isa = PBXBuildFile; fileRef = AC75B88D1C232C5F00D74F8E /* Constants.swift */; };
		C518526E1C341ACA00EA2328 /* Settings.storyboard in Resources */ = {isa = PBXBuildFile; fileRef = C518526D1C341ACA00EA2328 /* Settings.storyboard */; };
		C5467E331C3C94C8001A0B82 /* UIAlertController+SimpleAlert.swift in Sources */ = {isa = PBXBuildFile; fileRef = C5467E321C3C94C7001A0B82 /* UIAlertController+SimpleAlert.swift */; };
		C5566EE61C3E1040007C22F3 /* UIViewController+Utils.swift in Sources */ = {isa = PBXBuildFile; fileRef = C5566EE51C3E1040007C22F3 /* UIViewController+Utils.swift */; };
		C5566EE81C3E105F007C22F3 /* UITableViewCell+Utils.swift in Sources */ = {isa = PBXBuildFile; fileRef = C5566EE71C3E105F007C22F3 /* UITableViewCell+Utils.swift */; };
		C55D92561C34412900970123 /* Lato-Bold.ttf in Resources */ = {isa = PBXBuildFile; fileRef = C55D92521C34412900970123 /* Lato-Bold.ttf */; };
		C55D92571C34412900970123 /* Lato-Italic.ttf in Resources */ = {isa = PBXBuildFile; fileRef = C55D92531C34412900970123 /* Lato-Italic.ttf */; };
		C55D92581C34412900970123 /* Lato-Light.ttf in Resources */ = {isa = PBXBuildFile; fileRef = C55D92541C34412900970123 /* Lato-Light.ttf */; };
		C55D92591C34412900970123 /* Lato-Regular.ttf in Resources */ = {isa = PBXBuildFile; fileRef = C55D92551C34412900970123 /* Lato-Regular.ttf */; };
		C5E094381C3703CA00CABC51 /* EditProfileViewController.swift in Sources */ = {isa = PBXBuildFile; fileRef = C5E094371C3703CA00CABC51 /* EditProfileViewController.swift */; };
		C5E0943A1C37236B00CABC51 /* AboutMeViewController.swift in Sources */ = {isa = PBXBuildFile; fileRef = C5E094391C37236B00CABC51 /* AboutMeViewController.swift */; };
		E3E6D0F25DB60D1C0A64DF57 /* Pods_BondVoyage.framework in Frameworks */ = {isa = PBXBuildFile; fileRef = 469CE74A67F2C06FA2AD915B /* Pods_BondVoyage.framework */; };
		E5508A081C1539CF00D23C26 /* AppDelegate.swift in Sources */ = {isa = PBXBuildFile; fileRef = E5508A071C1539CF00D23C26 /* AppDelegate.swift */; };
		E5508A0D1C1539CF00D23C26 /* Main.storyboard in Resources */ = {isa = PBXBuildFile; fileRef = E5508A0B1C1539CF00D23C26 /* Main.storyboard */; };
		E5508A0F1C1539CF00D23C26 /* Assets.xcassets in Resources */ = {isa = PBXBuildFile; fileRef = E5508A0E1C1539CF00D23C26 /* Assets.xcassets */; };
		E5508A121C1539CF00D23C26 /* LaunchScreen.storyboard in Resources */ = {isa = PBXBuildFile; fileRef = E5508A101C1539CF00D23C26 /* LaunchScreen.storyboard */; };
		E5508A1D1C1539CF00D23C26 /* BondVoyageTests.swift in Sources */ = {isa = PBXBuildFile; fileRef = E5508A1C1C1539CF00D23C26 /* BondVoyageTests.swift */; };
		E5508A281C1539CF00D23C26 /* BondVoyageUITests.swift in Sources */ = {isa = PBXBuildFile; fileRef = E5508A271C1539CF00D23C26 /* BondVoyageUITests.swift */; };
		E5C836641C38BEB9003BD54F /* SingleFilterView.swift in Sources */ = {isa = PBXBuildFile; fileRef = E5C836631C38BEB9003BD54F /* SingleFilterView.swift */; };
		E5C836671C38BEF5003BD54F /* RangeFilterView.swift in Sources */ = {isa = PBXBuildFile; fileRef = E5C836661C38BEF5003BD54F /* RangeFilterView.swift */; };
		E5C8366D1C3B4F92003BD54F /* BaseFilterView.swift in Sources */ = {isa = PBXBuildFile; fileRef = E5C8366C1C3B4F92003BD54F /* BaseFilterView.swift */; };
		E5FF8BE41C3CCEF00080C195 /* BVRangeSlider.swift in Sources */ = {isa = PBXBuildFile; fileRef = E5FF8BE31C3CCEF00080C195 /* BVRangeSlider.swift */; };
		E5FF8BE61C40BA020080C195 /* UserDetailsViewController.swift in Sources */ = {isa = PBXBuildFile; fileRef = E5FF8BE51C40BA020080C195 /* UserDetailsViewController.swift */; };
		F26F02391DC958D0003EADFA /* CityViewController.swift in Sources */ = {isa = PBXBuildFile; fileRef = F26F02381DC958D0003EADFA /* CityViewController.swift */; };
		F26F023B1DC95EB0003EADFA /* SuggestCityViewController.swift in Sources */ = {isa = PBXBuildFile; fileRef = F26F023A1DC95EB0003EADFA /* SuggestCityViewController.swift */; };
		F289222C1DCB5D1D000D2E83 /* SubmitCityViewController.swift in Sources */ = {isa = PBXBuildFile; fileRef = F289222B1DCB5D1D000D2E83 /* SubmitCityViewController.swift */; };
		F2B0EDC61DC8C0B8005C72EC /* City.storyboard in Resources */ = {isa = PBXBuildFile; fileRef = F2B0EDC51DC8C0B8005C72EC /* City.storyboard */; };
/* End PBXBuildFile section */

/* Begin PBXContainerItemProxy section */
		E5508A191C1539CF00D23C26 /* PBXContainerItemProxy */ = {
			isa = PBXContainerItemProxy;
			containerPortal = E55089FC1C1539CF00D23C26 /* Project object */;
			proxyType = 1;
			remoteGlobalIDString = E5508A031C1539CF00D23C26;
			remoteInfo = BondVoyage;
		};
		E5508A241C1539CF00D23C26 /* PBXContainerItemProxy */ = {
			isa = PBXContainerItemProxy;
			containerPortal = E55089FC1C1539CF00D23C26 /* Project object */;
			proxyType = 1;
			remoteGlobalIDString = E5508A031C1539CF00D23C26;
			remoteInfo = BondVoyage;
		};
/* End PBXContainerItemProxy section */

/* Begin PBXFileReference section */
		469CE74A67F2C06FA2AD915B /* Pods_BondVoyage.framework */ = {isa = PBXFileReference; explicitFileType = wrapper.framework; includeInIndex = 0; path = Pods_BondVoyage.framework; sourceTree = BUILT_PRODUCTS_DIR; };
		62223C5E02C10845D64B6A0B /* Pods.framework */ = {isa = PBXFileReference; explicitFileType = wrapper.framework; includeInIndex = 0; path = Pods.framework; sourceTree = BUILT_PRODUCTS_DIR; };
		8D6E9023405E49836B5F8E52 /* Pods-BondVoyage.release.xcconfig */ = {isa = PBXFileReference; includeInIndex = 1; lastKnownFileType = text.xcconfig; name = "Pods-BondVoyage.release.xcconfig"; path = "Pods/Target Support Files/Pods-BondVoyage/Pods-BondVoyage.release.xcconfig"; sourceTree = "<group>"; };
		8E07EB4C1DEA70690061351B /* ConversationCell.swift */ = {isa = PBXFileReference; fileEncoding = 4; lastKnownFileType = sourcecode.swift; path = ConversationCell.swift; sourceTree = "<group>"; };
		8E07EB4E1DEA75660061351B /* User.swift */ = {isa = PBXFileReference; fileEncoding = 4; lastKnownFileType = sourcecode.swift; path = User.swift; sourceTree = "<group>"; };
		8E0B35391D7C63AB008872FD /* QBUserService.swift */ = {isa = PBXFileReference; fileEncoding = 4; lastKnownFileType = sourcecode.swift; path = QBUserService.swift; sourceTree = "<group>"; };
		8E0B353B1D7C6898008872FD /* UserService.swift */ = {isa = PBXFileReference; fileEncoding = 4; lastKnownFileType = sourcecode.swift; path = UserService.swift; sourceTree = "<group>"; };
		8E19458E1C60752500C3EC41 /* WelcomeViewController.swift */ = {isa = PBXFileReference; fileEncoding = 4; lastKnownFileType = sourcecode.swift; path = WelcomeViewController.swift; sourceTree = "<group>"; };
		8E24D9D41CAEB5B8008B4520 /* BVTabBarController.swift */ = {isa = PBXFileReference; fileEncoding = 4; lastKnownFileType = sourcecode.swift; path = BVTabBarController.swift; sourceTree = "<group>"; };
		8E30E6DA1DCF84AF004C4F55 /* SessionService.swift */ = {isa = PBXFileReference; fileEncoding = 4; lastKnownFileType = sourcecode.swift; path = SessionService.swift; sourceTree = "<group>"; };
		8E39C21A1C7E704B00C9B995 /* PFObject+Activity.swift */ = {isa = PBXFileReference; fileEncoding = 4; lastKnownFileType = sourcecode.swift; path = "PFObject+Activity.swift"; sourceTree = "<group>"; };
		8E406E6C1C7E3DB000E6F77C /* LoginViewController.swift */ = {isa = PBXFileReference; fileEncoding = 4; lastKnownFileType = sourcecode.swift; path = LoginViewController.swift; sourceTree = "<group>"; };
		8E4F78611DF3619800BFAEC1 /* ActivitiesNavigationController.swift */ = {isa = PBXFileReference; fileEncoding = 4; lastKnownFileType = sourcecode.swift; path = ActivitiesNavigationController.swift; sourceTree = "<group>"; };
		8E6CD7761CAC720C00A556F9 /* JoinCell.swift */ = {isa = PBXFileReference; fileEncoding = 4; lastKnownFileType = sourcecode.swift; path = JoinCell.swift; sourceTree = "<group>"; };
		8E707BAD1DDF3FB900658434 /* BondVoyage.entitlements */ = {isa = PBXFileReference; lastKnownFileType = text.plist.entitlements; path = BondVoyage.entitlements; sourceTree = "<group>"; };
		8E73665A1CA9F46500F3642E /* InviteViewController.swift */ = {isa = PBXFileReference; fileEncoding = 4; lastKnownFileType = sourcecode.swift; path = InviteViewController.swift; sourceTree = "<group>"; };
		8E8C82561D7C608800FC8E40 /* BondVoyage-Bridging-Header.h */ = {isa = PBXFileReference; lastKnownFileType = sourcecode.c.h; path = "BondVoyage-Bridging-Header.h"; sourceTree = "<group>"; };
		8E91D4631C5D03F900C6D406 /* ActivitiesCell.swift */ = {isa = PBXFileReference; fileEncoding = 4; lastKnownFileType = sourcecode.swift; path = ActivitiesCell.swift; sourceTree = "<group>"; };
		8E9515121C605F82007F8BCB /* FBSDKCoreKit.framework */ = {isa = PBXFileReference; lastKnownFileType = wrapper.framework; path = FBSDKCoreKit.framework; sourceTree = "<group>"; };
		8E9515131C605F82007F8BCB /* FBSDKLoginKit.framework */ = {isa = PBXFileReference; lastKnownFileType = wrapper.framework; path = FBSDKLoginKit.framework; sourceTree = "<group>"; };
		8E9515141C605F82007F8BCB /* FBSDKShareKit.framework */ = {isa = PBXFileReference; lastKnownFileType = wrapper.framework; path = FBSDKShareKit.framework; sourceTree = "<group>"; };
		8E99B94E1DC5A448007C4AC0 /* String+Utils.swift */ = {isa = PBXFileReference; fileEncoding = 4; lastKnownFileType = sourcecode.swift; path = "String+Utils.swift"; sourceTree = "<group>"; };
		8E9B14011CA95F0D005701EE /* CategoryCell.swift */ = {isa = PBXFileReference; fileEncoding = 4; lastKnownFileType = sourcecode.swift; path = CategoryCell.swift; sourceTree = "<group>"; };
		8E9C88381C8F3346005B09F2 /* DistanceFilterView.swift */ = {isa = PBXFileReference; fileEncoding = 4; lastKnownFileType = sourcecode.swift; path = DistanceFilterView.swift; sourceTree = "<group>"; };
		8E9FDFCD1C4FC854006532B0 /* SearchCategoriesViewController.swift */ = {isa = PBXFileReference; fileEncoding = 4; lastKnownFileType = sourcecode.swift; path = SearchCategoriesViewController.swift; sourceTree = "<group>"; };
		8EA047CE1C4FDEA900CCCAC3 /* ProgressView.swift */ = {isa = PBXFileReference; fileEncoding = 4; lastKnownFileType = sourcecode.swift; path = ProgressView.swift; sourceTree = "<group>"; };
		8EBEDADA1C440B15002DDA70 /* BVSlider.swift */ = {isa = PBXFileReference; fileEncoding = 4; lastKnownFileType = sourcecode.swift; path = BVSlider.swift; sourceTree = "<group>"; };
		8EBEDADC1C442290002DDA70 /* GenderFilterView.swift */ = {isa = PBXFileReference; fileEncoding = 4; lastKnownFileType = sourcecode.swift; path = GenderFilterView.swift; sourceTree = "<group>"; };
		8EBEDADE1C442362002DDA70 /* AgeRangeFilterView.swift */ = {isa = PBXFileReference; fileEncoding = 4; lastKnownFileType = sourcecode.swift; path = AgeRangeFilterView.swift; sourceTree = "<group>"; };
		8EBEDAE01C4423FC002DDA70 /* GroupSizeFilterView.swift */ = {isa = PBXFileReference; fileEncoding = 4; lastKnownFileType = sourcecode.swift; path = GroupSizeFilterView.swift; sourceTree = "<group>"; };
		8EC310AE1C7BAFCA00992E7A /* LocationPhiladelphia.gpx */ = {isa = PBXFileReference; fileEncoding = 4; lastKnownFileType = text.xml; path = LocationPhiladelphia.gpx; sourceTree = "<group>"; };
		8EC4E2441CAB11E400FC071A /* UserCell.swift */ = {isa = PBXFileReference; fileEncoding = 4; lastKnownFileType = sourcecode.swift; path = UserCell.swift; sourceTree = "<group>"; };
		8ECA14E11DD24D85003DF990 /* ChatViewController.swift */ = {isa = PBXFileReference; fileEncoding = 4; lastKnownFileType = sourcecode.swift; path = ChatViewController.swift; sourceTree = "<group>"; };
		8ECA14E31DD24DCB003DF990 /* Chat.storyboard */ = {isa = PBXFileReference; fileEncoding = 4; lastKnownFileType = file.storyboard; path = Chat.storyboard; sourceTree = "<group>"; };
		8ECA14E51DD24E18003DF990 /* QBChatMessage+LunrExtensions.swift */ = {isa = PBXFileReference; fileEncoding = 4; lastKnownFileType = sourcecode.swift; path = "QBChatMessage+LunrExtensions.swift"; sourceTree = "<group>"; };
		8ECA14E71DD24E43003DF990 /* UIImage+LunrExtensions.swift */ = {isa = PBXFileReference; fileEncoding = 4; lastKnownFileType = sourcecode.swift; path = "UIImage+LunrExtensions.swift"; sourceTree = "<group>"; };
		8ECA14EB1DD29BC6003DF990 /* DatesViewController.swift */ = {isa = PBXFileReference; fileEncoding = 4; lastKnownFileType = sourcecode.swift; path = DatesViewController.swift; sourceTree = "<group>"; };
		8ECA14EF1DD41732003DF990 /* Activity.swift */ = {isa = PBXFileReference; fileEncoding = 4; lastKnownFileType = sourcecode.swift; name = Activity.swift; path = Services/Activity.swift; sourceTree = "<group>"; };
		8ECE75E01C7D1F5700302246 /* ActivityRequest.swift */ = {isa = PBXFileReference; fileEncoding = 4; lastKnownFileType = sourcecode.swift; path = ActivityRequest.swift; sourceTree = "<group>"; };
		8ED3426F1DE3DD3200DA5755 /* ConfigurableNavigationController.swift */ = {isa = PBXFileReference; fileEncoding = 4; lastKnownFileType = sourcecode.swift; path = ConfigurableNavigationController.swift; sourceTree = "<group>"; };
		8ED342711DE3E3C300DA5755 /* ChatListViewController.swift */ = {isa = PBXFileReference; fileEncoding = 4; lastKnownFileType = sourcecode.swift; path = ChatListViewController.swift; sourceTree = "<group>"; };
		8ED342741DE3E4AA00DA5755 /* Conversation.swift */ = {isa = PBXFileReference; fileEncoding = 4; lastKnownFileType = sourcecode.swift; path = Conversation.swift; sourceTree = "<group>"; };
		8EDE33661DC55E4E000D95E7 /* Credits */ = {isa = PBXFileReference; fileEncoding = 4; lastKnownFileType = text; name = Credits; path = ../Credits; sourceTree = "<group>"; };
		8EE391FC1C5D657D003DF922 /* CategoryFactory.swift */ = {isa = PBXFileReference; fileEncoding = 4; lastKnownFileType = sourcecode.swift; path = CategoryFactory.swift; sourceTree = "<group>"; };
		8EEF98B11DCE55C900D5BF31 /* Old.storyboard */ = {isa = PBXFileReference; fileEncoding = 4; lastKnownFileType = file.storyboard; path = Old.storyboard; sourceTree = "<group>"; };
		8EEF98B31DCE55F800D5BF31 /* Activities.storyboard */ = {isa = PBXFileReference; fileEncoding = 4; lastKnownFileType = file.storyboard; path = Activities.storyboard; sourceTree = "<group>"; };
		8EF20F261DD2107F00BFA659 /* MatchedBondsViewController.swift */ = {isa = PBXFileReference; fileEncoding = 4; lastKnownFileType = sourcecode.swift; path = MatchedBondsViewController.swift; sourceTree = "<group>"; };
		8EF20F281DD210A300BFA659 /* RequestedBondsViewController.swift */ = {isa = PBXFileReference; fileEncoding = 4; lastKnownFileType = sourcecode.swift; path = RequestedBondsViewController.swift; sourceTree = "<group>"; };
		AC1698451C1C7AB200E3DAAE /* UserRequest.swift */ = {isa = PBXFileReference; fileEncoding = 4; lastKnownFileType = sourcecode.swift; path = UserRequest.swift; sourceTree = "<group>"; };
		AC75B88D1C232C5F00D74F8E /* Constants.swift */ = {isa = PBXFileReference; fileEncoding = 4; lastKnownFileType = sourcecode.swift; path = Constants.swift; sourceTree = "<group>"; };
		B6C28C4717CC4A89C2110871 /* Pods-BondVoyage.debug.xcconfig */ = {isa = PBXFileReference; includeInIndex = 1; lastKnownFileType = text.xcconfig; name = "Pods-BondVoyage.debug.xcconfig"; path = "Pods/Target Support Files/Pods-BondVoyage/Pods-BondVoyage.debug.xcconfig"; sourceTree = "<group>"; };
		C518526D1C341ACA00EA2328 /* Settings.storyboard */ = {isa = PBXFileReference; fileEncoding = 4; lastKnownFileType = file.storyboard; path = Settings.storyboard; sourceTree = "<group>"; };
		C5467E321C3C94C7001A0B82 /* UIAlertController+SimpleAlert.swift */ = {isa = PBXFileReference; fileEncoding = 4; lastKnownFileType = sourcecode.swift; name = "UIAlertController+SimpleAlert.swift"; path = "Categories/UIAlertController+SimpleAlert.swift"; sourceTree = "<group>"; };
		C5566EE51C3E1040007C22F3 /* UIViewController+Utils.swift */ = {isa = PBXFileReference; fileEncoding = 4; lastKnownFileType = sourcecode.swift; name = "UIViewController+Utils.swift"; path = "Categories/UIViewController+Utils.swift"; sourceTree = "<group>"; };
		C5566EE71C3E105F007C22F3 /* UITableViewCell+Utils.swift */ = {isa = PBXFileReference; fileEncoding = 4; lastKnownFileType = sourcecode.swift; name = "UITableViewCell+Utils.swift"; path = "Categories/UITableViewCell+Utils.swift"; sourceTree = "<group>"; };
		C55D92521C34412900970123 /* Lato-Bold.ttf */ = {isa = PBXFileReference; lastKnownFileType = file; path = "Lato-Bold.ttf"; sourceTree = "<group>"; };
		C55D92531C34412900970123 /* Lato-Italic.ttf */ = {isa = PBXFileReference; lastKnownFileType = file; path = "Lato-Italic.ttf"; sourceTree = "<group>"; };
		C55D92541C34412900970123 /* Lato-Light.ttf */ = {isa = PBXFileReference; lastKnownFileType = file; path = "Lato-Light.ttf"; sourceTree = "<group>"; };
		C55D92551C34412900970123 /* Lato-Regular.ttf */ = {isa = PBXFileReference; lastKnownFileType = file; path = "Lato-Regular.ttf"; sourceTree = "<group>"; };
		C5E094371C3703CA00CABC51 /* EditProfileViewController.swift */ = {isa = PBXFileReference; fileEncoding = 4; lastKnownFileType = sourcecode.swift; name = EditProfileViewController.swift; path = ViewControllers/EditProfileViewController.swift; sourceTree = "<group>"; };
		C5E094391C37236B00CABC51 /* AboutMeViewController.swift */ = {isa = PBXFileReference; fileEncoding = 4; lastKnownFileType = sourcecode.swift; path = AboutMeViewController.swift; sourceTree = "<group>"; };
		E5508A041C1539CF00D23C26 /* BondVoyage.app */ = {isa = PBXFileReference; explicitFileType = wrapper.application; includeInIndex = 0; path = BondVoyage.app; sourceTree = BUILT_PRODUCTS_DIR; };
		E5508A071C1539CF00D23C26 /* AppDelegate.swift */ = {isa = PBXFileReference; lastKnownFileType = sourcecode.swift; path = AppDelegate.swift; sourceTree = "<group>"; };
		E5508A0C1C1539CF00D23C26 /* Base */ = {isa = PBXFileReference; lastKnownFileType = file.storyboard; name = Base; path = Base.lproj/Main.storyboard; sourceTree = "<group>"; };
		E5508A0E1C1539CF00D23C26 /* Assets.xcassets */ = {isa = PBXFileReference; lastKnownFileType = folder.assetcatalog; path = Assets.xcassets; sourceTree = "<group>"; };
		E5508A111C1539CF00D23C26 /* Base */ = {isa = PBXFileReference; lastKnownFileType = file.storyboard; name = Base; path = Base.lproj/LaunchScreen.storyboard; sourceTree = "<group>"; };
		E5508A131C1539CF00D23C26 /* Info.plist */ = {isa = PBXFileReference; lastKnownFileType = text.plist.xml; path = Info.plist; sourceTree = "<group>"; };
		E5508A181C1539CF00D23C26 /* BondVoyageTests.xctest */ = {isa = PBXFileReference; explicitFileType = wrapper.cfbundle; includeInIndex = 0; path = BondVoyageTests.xctest; sourceTree = BUILT_PRODUCTS_DIR; };
		E5508A1C1C1539CF00D23C26 /* BondVoyageTests.swift */ = {isa = PBXFileReference; lastKnownFileType = sourcecode.swift; path = BondVoyageTests.swift; sourceTree = "<group>"; };
		E5508A1E1C1539CF00D23C26 /* Info.plist */ = {isa = PBXFileReference; lastKnownFileType = text.plist.xml; path = Info.plist; sourceTree = "<group>"; };
		E5508A231C1539CF00D23C26 /* BondVoyageUITests.xctest */ = {isa = PBXFileReference; explicitFileType = wrapper.cfbundle; includeInIndex = 0; path = BondVoyageUITests.xctest; sourceTree = BUILT_PRODUCTS_DIR; };
		E5508A271C1539CF00D23C26 /* BondVoyageUITests.swift */ = {isa = PBXFileReference; lastKnownFileType = sourcecode.swift; path = BondVoyageUITests.swift; sourceTree = "<group>"; };
		E5508A291C1539CF00D23C26 /* Info.plist */ = {isa = PBXFileReference; lastKnownFileType = text.plist.xml; path = Info.plist; sourceTree = "<group>"; };
		E5C836631C38BEB9003BD54F /* SingleFilterView.swift */ = {isa = PBXFileReference; fileEncoding = 4; lastKnownFileType = sourcecode.swift; name = SingleFilterView.swift; path = Views/SingleFilterView.swift; sourceTree = "<group>"; };
		E5C836661C38BEF5003BD54F /* RangeFilterView.swift */ = {isa = PBXFileReference; fileEncoding = 4; lastKnownFileType = sourcecode.swift; name = RangeFilterView.swift; path = Views/RangeFilterView.swift; sourceTree = "<group>"; };
		E5C8366C1C3B4F92003BD54F /* BaseFilterView.swift */ = {isa = PBXFileReference; fileEncoding = 4; lastKnownFileType = sourcecode.swift; name = BaseFilterView.swift; path = Views/BaseFilterView.swift; sourceTree = "<group>"; };
		E5FF8BE31C3CCEF00080C195 /* BVRangeSlider.swift */ = {isa = PBXFileReference; fileEncoding = 4; lastKnownFileType = sourcecode.swift; path = BVRangeSlider.swift; sourceTree = "<group>"; };
		E5FF8BE51C40BA020080C195 /* UserDetailsViewController.swift */ = {isa = PBXFileReference; fileEncoding = 4; lastKnownFileType = sourcecode.swift; name = UserDetailsViewController.swift; path = ViewControllers/UserDetailsViewController.swift; sourceTree = "<group>"; };
		F26F02381DC958D0003EADFA /* CityViewController.swift */ = {isa = PBXFileReference; fileEncoding = 4; lastKnownFileType = sourcecode.swift; path = CityViewController.swift; sourceTree = "<group>"; };
		F26F023A1DC95EB0003EADFA /* SuggestCityViewController.swift */ = {isa = PBXFileReference; fileEncoding = 4; lastKnownFileType = sourcecode.swift; path = SuggestCityViewController.swift; sourceTree = "<group>"; };
		F289222B1DCB5D1D000D2E83 /* SubmitCityViewController.swift */ = {isa = PBXFileReference; fileEncoding = 4; lastKnownFileType = sourcecode.swift; path = SubmitCityViewController.swift; sourceTree = "<group>"; };
		F2B0EDC51DC8C0B8005C72EC /* City.storyboard */ = {isa = PBXFileReference; fileEncoding = 4; lastKnownFileType = file.storyboard; path = City.storyboard; sourceTree = "<group>"; };
/* End PBXFileReference section */

/* Begin PBXFrameworksBuildPhase section */
		E5508A011C1539CF00D23C26 /* Frameworks */ = {
			isa = PBXFrameworksBuildPhase;
			buildActionMask = 2147483647;
			files = (
				8E9515171C605F83007F8BCB /* FBSDKShareKit.framework in Frameworks */,
				8E9515151C605F82007F8BCB /* FBSDKCoreKit.framework in Frameworks */,
				8E9515161C605F83007F8BCB /* FBSDKLoginKit.framework in Frameworks */,
				E3E6D0F25DB60D1C0A64DF57 /* Pods_BondVoyage.framework in Frameworks */,
			);
			runOnlyForDeploymentPostprocessing = 0;
		};
		E5508A151C1539CF00D23C26 /* Frameworks */ = {
			isa = PBXFrameworksBuildPhase;
			buildActionMask = 2147483647;
			files = (
			);
			runOnlyForDeploymentPostprocessing = 0;
		};
		E5508A201C1539CF00D23C26 /* Frameworks */ = {
			isa = PBXFrameworksBuildPhase;
			buildActionMask = 2147483647;
			files = (
			);
			runOnlyForDeploymentPostprocessing = 0;
		};
/* End PBXFrameworksBuildPhase section */

/* Begin PBXGroup section */
		29A4A41598D70F96FD1D17F0 /* Frameworks */ = {
			isa = PBXGroup;
			children = (
				8E9515121C605F82007F8BCB /* FBSDKCoreKit.framework */,
				8E9515131C605F82007F8BCB /* FBSDKLoginKit.framework */,
				8E9515141C605F82007F8BCB /* FBSDKShareKit.framework */,
				62223C5E02C10845D64B6A0B /* Pods.framework */,
				469CE74A67F2C06FA2AD915B /* Pods_BondVoyage.framework */,
			);
			name = Frameworks;
			sourceTree = "<group>";
		};
		2C5FA4FC14B0A0B85E2AD24B /* Pods */ = {
			isa = PBXGroup;
			children = (
				B6C28C4717CC4A89C2110871 /* Pods-BondVoyage.debug.xcconfig */,
				8D6E9023405E49836B5F8E52 /* Pods-BondVoyage.release.xcconfig */,
			);
			name = Pods;
			sourceTree = "<group>";
		};
		8E0B35361D7C6371008872FD /* Services */ = {
			isa = PBXGroup;
			children = (
				8E0B35391D7C63AB008872FD /* QBUserService.swift */,
				8E30E6DA1DCF84AF004C4F55 /* SessionService.swift */,
				8E0B353B1D7C6898008872FD /* UserService.swift */,
			);
			path = Services;
			sourceTree = "<group>";
		};
		8ECA14E91DD29763003DF990 /* Cities */ = {
			isa = PBXGroup;
			children = (
				F26F02381DC958D0003EADFA /* CityViewController.swift */,
				F26F023A1DC95EB0003EADFA /* SuggestCityViewController.swift */,
				F289222B1DCB5D1D000D2E83 /* SubmitCityViewController.swift */,
			);
			name = Cities;
			sourceTree = "<group>";
		};
		8ECA14EA1DD29782003DF990 /* Activities */ = {
			isa = PBXGroup;
			children = (
				8E4F78611DF3619800BFAEC1 /* ActivitiesNavigationController.swift */,
				8E9FDFCD1C4FC854006532B0 /* SearchCategoriesViewController.swift */,
				8ECA14EB1DD29BC6003DF990 /* DatesViewController.swift */,
				8E73665A1CA9F46500F3642E /* InviteViewController.swift */,
			);
			name = Activities;
			sourceTree = "<group>";
		};
		8ECA14F11DD41749003DF990 /* Models */ = {
			isa = PBXGroup;
			children = (
				8ECA14EF1DD41732003DF990 /* Activity.swift */,
				8ED342741DE3E4AA00DA5755 /* Conversation.swift */,
				8E07EB4E1DEA75660061351B /* User.swift */,
			);
			name = Models;
			sourceTree = "<group>";
		};
		8ED342731DE3E3CC00DA5755 /* Chats */ = {
			isa = PBXGroup;
			children = (
				8ED342711DE3E3C300DA5755 /* ChatListViewController.swift */,
				8ECA14E11DD24D85003DF990 /* ChatViewController.swift */,
			);
			name = Chats;
			sourceTree = "<group>";
		};
		AC1698441C1C7A9C00E3DAAE /* DataSource */ = {
			isa = PBXGroup;
			children = (
				AC1698451C1C7AB200E3DAAE /* UserRequest.swift */,
				8ECE75E01C7D1F5700302246 /* ActivityRequest.swift */,
				8EE391FC1C5D657D003DF922 /* CategoryFactory.swift */,
			);
			name = DataSource;
			sourceTree = "<group>";
		};
		C518526B1C341A9E00EA2328 /* Settings */ = {
			isa = PBXGroup;
			children = (
				C5E094371C3703CA00CABC51 /* EditProfileViewController.swift */,
				8E406E6C1C7E3DB000E6F77C /* LoginViewController.swift */,
				C5E094391C37236B00CABC51 /* AboutMeViewController.swift */,
			);
			name = Settings;
			sourceTree = "<group>";
		};
		C518526C1C341AB000EA2328 /* Storyboards */ = {
			isa = PBXGroup;
			children = (
				E5508A0B1C1539CF00D23C26 /* Main.storyboard */,
				F2B0EDC51DC8C0B8005C72EC /* City.storyboard */,
				8EEF98B31DCE55F800D5BF31 /* Activities.storyboard */,
				8ECA14E31DD24DCB003DF990 /* Chat.storyboard */,
				C518526D1C341ACA00EA2328 /* Settings.storyboard */,
				8EEF98B11DCE55C900D5BF31 /* Old.storyboard */,
			);
			name = Storyboards;
			sourceTree = "<group>";
		};
		C55D92511C34411300970123 /* Fonts */ = {
			isa = PBXGroup;
			children = (
				C55D92521C34412900970123 /* Lato-Bold.ttf */,
				C55D92531C34412900970123 /* Lato-Italic.ttf */,
				C55D92541C34412900970123 /* Lato-Light.ttf */,
				C55D92551C34412900970123 /* Lato-Regular.ttf */,
			);
			name = Fonts;
			sourceTree = "<group>";
		};
		E55089FB1C1539CF00D23C26 = {
			isa = PBXGroup;
			children = (
				C55D92511C34411300970123 /* Fonts */,
				E5508A061C1539CF00D23C26 /* BondVoyage */,
				E5508A1B1C1539CF00D23C26 /* BondVoyageTests */,
				E5508A261C1539CF00D23C26 /* BondVoyageUITests */,
				E5508A051C1539CF00D23C26 /* Products */,
				29A4A41598D70F96FD1D17F0 /* Frameworks */,
				2C5FA4FC14B0A0B85E2AD24B /* Pods */,
			);
			sourceTree = "<group>";
		};
		E5508A051C1539CF00D23C26 /* Products */ = {
			isa = PBXGroup;
			children = (
				E5508A041C1539CF00D23C26 /* BondVoyage.app */,
				E5508A181C1539CF00D23C26 /* BondVoyageTests.xctest */,
				E5508A231C1539CF00D23C26 /* BondVoyageUITests.xctest */,
			);
			name = Products;
			sourceTree = "<group>";
		};
		E5508A061C1539CF00D23C26 /* BondVoyage */ = {
			isa = PBXGroup;
			children = (
				8E707BAD1DDF3FB900658434 /* BondVoyage.entitlements */,
				8ECA14F11DD41749003DF990 /* Models */,
				8E0B35361D7C6371008872FD /* Services */,
				8EC310AE1C7BAFCA00992E7A /* LocationPhiladelphia.gpx */,
				E5508A071C1539CF00D23C26 /* AppDelegate.swift */,
				E5508A0E1C1539CF00D23C26 /* Assets.xcassets */,
				E5E3CB721C1DE0FB00974060 /* Categories */,
				AC75B88D1C232C5F00D74F8E /* Constants.swift */,
				AC1698441C1C7A9C00E3DAAE /* DataSource */,
				E5508A131C1539CF00D23C26 /* Info.plist */,
				E5508A101C1539CF00D23C26 /* LaunchScreen.storyboard */,
				8EDE33661DC55E4E000D95E7 /* Credits */,
				C518526C1C341AB000EA2328 /* Storyboards */,
				E5E4E51A1C1BCF1B003C4A90 /* ViewControllers */,
				E5C836651C38BEC1003BD54F /* Views */,
				8E8C82561D7C608800FC8E40 /* BondVoyage-Bridging-Header.h */,
			);
			path = BondVoyage;
			sourceTree = "<group>";
		};
		E5508A1B1C1539CF00D23C26 /* BondVoyageTests */ = {
			isa = PBXGroup;
			children = (
				E5508A1C1C1539CF00D23C26 /* BondVoyageTests.swift */,
				E5508A1E1C1539CF00D23C26 /* Info.plist */,
			);
			path = BondVoyageTests;
			sourceTree = "<group>";
		};
		E5508A261C1539CF00D23C26 /* BondVoyageUITests */ = {
			isa = PBXGroup;
			children = (
				E5508A271C1539CF00D23C26 /* BondVoyageUITests.swift */,
				E5508A291C1539CF00D23C26 /* Info.plist */,
			);
			path = BondVoyageUITests;
			sourceTree = "<group>";
		};
		E5C836651C38BEC1003BD54F /* Views */ = {
			isa = PBXGroup;
			children = (
				8E91D4631C5D03F900C6D406 /* ActivitiesCell.swift */,
				8EC4E2441CAB11E400FC071A /* UserCell.swift */,
				8E07EB4C1DEA70690061351B /* ConversationCell.swift */,
				8E9B14011CA95F0D005701EE /* CategoryCell.swift */,
				8EA047CE1C4FDEA900CCCAC3 /* ProgressView.swift */,
				8E6CD7761CAC720C00A556F9 /* JoinCell.swift */,
				8EBEDADA1C440B15002DDA70 /* BVSlider.swift */,
				E5FF8BE31C3CCEF00080C195 /* BVRangeSlider.swift */,
				E5C8366C1C3B4F92003BD54F /* BaseFilterView.swift */,
				E5C836631C38BEB9003BD54F /* SingleFilterView.swift */,
				E5C836661C38BEF5003BD54F /* RangeFilterView.swift */,
				8EBEDADC1C442290002DDA70 /* GenderFilterView.swift */,
				8EBEDADE1C442362002DDA70 /* AgeRangeFilterView.swift */,
				8EBEDAE01C4423FC002DDA70 /* GroupSizeFilterView.swift */,
				8E9C88381C8F3346005B09F2 /* DistanceFilterView.swift */,
			);
			name = Views;
			sourceTree = "<group>";
		};
		E5E3CB721C1DE0FB00974060 /* Categories */ = {
			isa = PBXGroup;
			children = (
				C5566EE71C3E105F007C22F3 /* UITableViewCell+Utils.swift */,
				C5566EE51C3E1040007C22F3 /* UIViewController+Utils.swift */,
				C5467E321C3C94C7001A0B82 /* UIAlertController+SimpleAlert.swift */,
				8E39C21A1C7E704B00C9B995 /* PFObject+Activity.swift */,
				8E99B94E1DC5A448007C4AC0 /* String+Utils.swift */,
				8ECA14E51DD24E18003DF990 /* QBChatMessage+LunrExtensions.swift */,
				8ECA14E71DD24E43003DF990 /* UIImage+LunrExtensions.swift */,
			);
			name = Categories;
			sourceTree = "<group>";
		};
		E5E4E51A1C1BCF1B003C4A90 /* ViewControllers */ = {
			isa = PBXGroup;
			children = (
				8ED3426F1DE3DD3200DA5755 /* ConfigurableNavigationController.swift */,
				8E24D9D41CAEB5B8008B4520 /* BVTabBarController.swift */,
				8E19458E1C60752500C3EC41 /* WelcomeViewController.swift */,
				C518526B1C341A9E00EA2328 /* Settings */,
				8ECA14E91DD29763003DF990 /* Cities */,
				8ECA14EA1DD29782003DF990 /* Activities */,
				8ED342731DE3E3CC00DA5755 /* Chats */,
				8EF20F281DD210A300BFA659 /* RequestedBondsViewController.swift */,
				8EF20F261DD2107F00BFA659 /* MatchedBondsViewController.swift */,
				E5FF8BE51C40BA020080C195 /* UserDetailsViewController.swift */,
			);
			name = ViewControllers;
			sourceTree = "<group>";
		};
/* End PBXGroup section */

/* Begin PBXNativeTarget section */
		E5508A031C1539CF00D23C26 /* BondVoyage */ = {
			isa = PBXNativeTarget;
			buildConfigurationList = E5508A2C1C1539CF00D23C26 /* Build configuration list for PBXNativeTarget "BondVoyage" */;
			buildPhases = (
				E26C27EEC75041B001B6BA58 /* [CP] Check Pods Manifest.lock */,
				E5508A001C1539CF00D23C26 /* Sources */,
				E5508A011C1539CF00D23C26 /* Frameworks */,
				E5508A021C1539CF00D23C26 /* Resources */,
				8E41F8BA1C4B10D000C8392B /* ShellScript */,
				9BDE47CA5759DA665010CD3B /* [CP] Embed Pods Frameworks */,
				3A9A5394ADAAAB6CEC9FEFB5 /* [CP] Copy Pods Resources */,
			);
			buildRules = (
			);
			dependencies = (
			);
			name = BondVoyage;
			productName = BondVoyage;
			productReference = E5508A041C1539CF00D23C26 /* BondVoyage.app */;
			productType = "com.apple.product-type.application";
		};
		E5508A171C1539CF00D23C26 /* BondVoyageTests */ = {
			isa = PBXNativeTarget;
			buildConfigurationList = E5508A2F1C1539CF00D23C26 /* Build configuration list for PBXNativeTarget "BondVoyageTests" */;
			buildPhases = (
				E5508A141C1539CF00D23C26 /* Sources */,
				E5508A151C1539CF00D23C26 /* Frameworks */,
				E5508A161C1539CF00D23C26 /* Resources */,
			);
			buildRules = (
			);
			dependencies = (
				E5508A1A1C1539CF00D23C26 /* PBXTargetDependency */,
			);
			name = BondVoyageTests;
			productName = BondVoyageTests;
			productReference = E5508A181C1539CF00D23C26 /* BondVoyageTests.xctest */;
			productType = "com.apple.product-type.bundle.unit-test";
		};
		E5508A221C1539CF00D23C26 /* BondVoyageUITests */ = {
			isa = PBXNativeTarget;
			buildConfigurationList = E5508A321C1539CF00D23C26 /* Build configuration list for PBXNativeTarget "BondVoyageUITests" */;
			buildPhases = (
				E5508A1F1C1539CF00D23C26 /* Sources */,
				E5508A201C1539CF00D23C26 /* Frameworks */,
				E5508A211C1539CF00D23C26 /* Resources */,
			);
			buildRules = (
			);
			dependencies = (
				E5508A251C1539CF00D23C26 /* PBXTargetDependency */,
			);
			name = BondVoyageUITests;
			productName = BondVoyageUITests;
			productReference = E5508A231C1539CF00D23C26 /* BondVoyageUITests.xctest */;
			productType = "com.apple.product-type.bundle.ui-testing";
		};
/* End PBXNativeTarget section */

/* Begin PBXProject section */
		E55089FC1C1539CF00D23C26 /* Project object */ = {
			isa = PBXProject;
			attributes = {
				LastSwiftUpdateCheck = 0730;
				LastUpgradeCheck = 0710;
				ORGANIZATIONNAME = RenderApps;
				TargetAttributes = {
					E5508A031C1539CF00D23C26 = {
						CreatedOnToolsVersion = 7.1;
						DevelopmentTeam = H799H8B8DD;
						LastSwiftMigration = 0810;
						ProvisioningStyle = Automatic;
						SystemCapabilities = {
							com.apple.Keychain = {
								enabled = 1;
							};
							com.apple.Push = {
								enabled = 1;
							};
						};
					};
					E5508A171C1539CF00D23C26 = {
						CreatedOnToolsVersion = 7.1;
						LastSwiftMigration = 0810;
						TestTargetID = E5508A031C1539CF00D23C26;
					};
					E5508A221C1539CF00D23C26 = {
						CreatedOnToolsVersion = 7.1;
						LastSwiftMigration = 0810;
						TestTargetID = E5508A031C1539CF00D23C26;
					};
				};
			};
			buildConfigurationList = E55089FF1C1539CF00D23C26 /* Build configuration list for PBXProject "BondVoyage" */;
			compatibilityVersion = "Xcode 3.2";
			developmentRegion = English;
			hasScannedForEncodings = 0;
			knownRegions = (
				en,
				Base,
			);
			mainGroup = E55089FB1C1539CF00D23C26;
			productRefGroup = E5508A051C1539CF00D23C26 /* Products */;
			projectDirPath = "";
			projectRoot = "";
			targets = (
				E5508A031C1539CF00D23C26 /* BondVoyage */,
				E5508A171C1539CF00D23C26 /* BondVoyageTests */,
				E5508A221C1539CF00D23C26 /* BondVoyageUITests */,
			);
		};
/* End PBXProject section */

/* Begin PBXResourcesBuildPhase section */
		E5508A021C1539CF00D23C26 /* Resources */ = {
			isa = PBXResourcesBuildPhase;
			buildActionMask = 2147483647;
			files = (
				8ECA14E41DD24DCB003DF990 /* Chat.storyboard in Resources */,
				C518526E1C341ACA00EA2328 /* Settings.storyboard in Resources */,
				C55D92561C34412900970123 /* Lato-Bold.ttf in Resources */,
				F2B0EDC61DC8C0B8005C72EC /* City.storyboard in Resources */,
				E5508A121C1539CF00D23C26 /* LaunchScreen.storyboard in Resources */,
				8EEF98B21DCE55C900D5BF31 /* Old.storyboard in Resources */,
				C55D92591C34412900970123 /* Lato-Regular.ttf in Resources */,
				E5508A0F1C1539CF00D23C26 /* Assets.xcassets in Resources */,
				8EEF98B41DCE55F800D5BF31 /* Activities.storyboard in Resources */,
				C55D92571C34412900970123 /* Lato-Italic.ttf in Resources */,
				E5508A0D1C1539CF00D23C26 /* Main.storyboard in Resources */,
				C55D92581C34412900970123 /* Lato-Light.ttf in Resources */,
				8EDE33671DC55E4E000D95E7 /* Credits in Resources */,
				8EC310AF1C7BAFCA00992E7A /* LocationPhiladelphia.gpx in Resources */,
			);
			runOnlyForDeploymentPostprocessing = 0;
		};
		E5508A161C1539CF00D23C26 /* Resources */ = {
			isa = PBXResourcesBuildPhase;
			buildActionMask = 2147483647;
			files = (
			);
			runOnlyForDeploymentPostprocessing = 0;
		};
		E5508A211C1539CF00D23C26 /* Resources */ = {
			isa = PBXResourcesBuildPhase;
			buildActionMask = 2147483647;
			files = (
			);
			runOnlyForDeploymentPostprocessing = 0;
		};
/* End PBXResourcesBuildPhase section */

/* Begin PBXShellScriptBuildPhase section */
		3A9A5394ADAAAB6CEC9FEFB5 /* [CP] Copy Pods Resources */ = {
			isa = PBXShellScriptBuildPhase;
			buildActionMask = 2147483647;
			files = (
			);
			inputPaths = (
			);
			name = "[CP] Copy Pods Resources";
			outputPaths = (
			);
			runOnlyForDeploymentPostprocessing = 0;
			shellPath = /bin/sh;
			shellScript = "\"${SRCROOT}/Pods/Target Support Files/Pods-BondVoyage/Pods-BondVoyage-resources.sh\"\n";
			showEnvVarsInLog = 0;
		};
		8E41F8BA1C4B10D000C8392B /* ShellScript */ = {
			isa = PBXShellScriptBuildPhase;
			buildActionMask = 2147483647;
			files = (
			);
			inputPaths = (
			);
			outputPaths = (
			);
			runOnlyForDeploymentPostprocessing = 0;
			shellPath = /bin/sh;
			shellScript = "\"${PODS_ROOT}/Fabric/run\" b721eacab2230f0d8a20ca887d75b31784b433c4 5d2754ef6dbcdc967b222d434090ab04723a33fb94bfcf518a802dc0e4345c8a";
		};
		9BDE47CA5759DA665010CD3B /* [CP] Embed Pods Frameworks */ = {
			isa = PBXShellScriptBuildPhase;
			buildActionMask = 2147483647;
			files = (
			);
			inputPaths = (
			);
			name = "[CP] Embed Pods Frameworks";
			outputPaths = (
			);
			runOnlyForDeploymentPostprocessing = 0;
			shellPath = /bin/sh;
			shellScript = "\"${SRCROOT}/Pods/Target Support Files/Pods-BondVoyage/Pods-BondVoyage-frameworks.sh\"\n";
			showEnvVarsInLog = 0;
		};
		E26C27EEC75041B001B6BA58 /* [CP] Check Pods Manifest.lock */ = {
			isa = PBXShellScriptBuildPhase;
			buildActionMask = 2147483647;
			files = (
			);
			inputPaths = (
			);
			name = "[CP] Check Pods Manifest.lock";
			outputPaths = (
			);
			runOnlyForDeploymentPostprocessing = 0;
			shellPath = /bin/sh;
			shellScript = "diff \"${PODS_ROOT}/../Podfile.lock\" \"${PODS_ROOT}/Manifest.lock\" > /dev/null\nif [ $? != 0 ] ; then\n    # print error to STDERR\n    echo \"error: The sandbox is not in sync with the Podfile.lock. Run 'pod install' or update your CocoaPods installation.\" >&2\n    exit 1\nfi\n";
			showEnvVarsInLog = 0;
		};
/* End PBXShellScriptBuildPhase section */

/* Begin PBXSourcesBuildPhase section */
		E5508A001C1539CF00D23C26 /* Sources */ = {
			isa = PBXSourcesBuildPhase;
			buildActionMask = 2147483647;
			files = (
				F26F02391DC958D0003EADFA /* CityViewController.swift in Sources */,
				F289222C1DCB5D1D000D2E83 /* SubmitCityViewController.swift in Sources */,
				8ED342701DE3DD3200DA5755 /* ConfigurableNavigationController.swift in Sources */,
				E5508A081C1539CF00D23C26 /* AppDelegate.swift in Sources */,
				E5C8366D1C3B4F92003BD54F /* BaseFilterView.swift in Sources */,
				C5566EE61C3E1040007C22F3 /* UIViewController+Utils.swift in Sources */,
				8E99B94F1DC5A448007C4AC0 /* String+Utils.swift in Sources */,
				F26F023B1DC95EB0003EADFA /* SuggestCityViewController.swift in Sources */,
				8EBEDADD1C442290002DDA70 /* GenderFilterView.swift in Sources */,
				8EBEDADB1C440B15002DDA70 /* BVSlider.swift in Sources */,
				8EF20F291DD210A300BFA659 /* RequestedBondsViewController.swift in Sources */,
				E5C836641C38BEB9003BD54F /* SingleFilterView.swift in Sources */,
				8E9C88391C8F3346005B09F2 /* DistanceFilterView.swift in Sources */,
				8E07EB4D1DEA70690061351B /* ConversationCell.swift in Sources */,
				E5FF8BE41C3CCEF00080C195 /* BVRangeSlider.swift in Sources */,
				8EBEDADF1C442362002DDA70 /* AgeRangeFilterView.swift in Sources */,
				E5FF8BE61C40BA020080C195 /* UserDetailsViewController.swift in Sources */,
				8ECA14F01DD41732003DF990 /* Activity.swift in Sources */,
				8E39C21B1C7E704B00C9B995 /* PFObject+Activity.swift in Sources */,
				C5E0943A1C37236B00CABC51 /* AboutMeViewController.swift in Sources */,
				8ED342721DE3E3C300DA5755 /* ChatListViewController.swift in Sources */,
				AC1698461C1C7AB200E3DAAE /* UserRequest.swift in Sources */,
				8E9B14021CA95F0D005701EE /* CategoryCell.swift in Sources */,
				8E30E6DB1DCF84AF004C4F55 /* SessionService.swift in Sources */,
				8EBEDAE11C4423FC002DDA70 /* GroupSizeFilterView.swift in Sources */,
				8ED342751DE3E4AA00DA5755 /* Conversation.swift in Sources */,
				8EC4E2451CAB11E400FC071A /* UserCell.swift in Sources */,
				8E9FDFCE1C4FC854006532B0 /* SearchCategoriesViewController.swift in Sources */,
				8E07EB4F1DEA75660061351B /* User.swift in Sources */,
				8E73665B1CA9F46500F3642E /* InviteViewController.swift in Sources */,
				AC75B88E1C232C5F00D74F8E /* Constants.swift in Sources */,
				C5467E331C3C94C8001A0B82 /* UIAlertController+SimpleAlert.swift in Sources */,
				8E91D4641C5D03F900C6D406 /* ActivitiesCell.swift in Sources */,
				8E406E6D1C7E3DB000E6F77C /* LoginViewController.swift in Sources */,
				8E19458F1C60752500C3EC41 /* WelcomeViewController.swift in Sources */,
				E5C836671C38BEF5003BD54F /* RangeFilterView.swift in Sources */,
				8EF20F271DD2107F00BFA659 /* MatchedBondsViewController.swift in Sources */,
				C5E094381C3703CA00CABC51 /* EditProfileViewController.swift in Sources */,
				8ECE75E11C7D1F5700302246 /* ActivityRequest.swift in Sources */,
				8E24D9D51CAEB5B8008B4520 /* BVTabBarController.swift in Sources */,
				8EE391FD1C5D657D003DF922 /* CategoryFactory.swift in Sources */,
				8ECA14E61DD24E18003DF990 /* QBChatMessage+LunrExtensions.swift in Sources */,
				8ECA14E81DD24E43003DF990 /* UIImage+LunrExtensions.swift in Sources */,
				8EA047CF1C4FDEA900CCCAC3 /* ProgressView.swift in Sources */,
				C5566EE81C3E105F007C22F3 /* UITableViewCell+Utils.swift in Sources */,
				8ECA14E21DD24D85003DF990 /* ChatViewController.swift in Sources */,
				8ECA14EC1DD29BC6003DF990 /* DatesViewController.swift in Sources */,
				8E4F78621DF3619800BFAEC1 /* ActivitiesNavigationController.swift in Sources */,
				8E0B353A1D7C63AB008872FD /* QBUserService.swift in Sources */,
				8E0B353C1D7C6898008872FD /* UserService.swift in Sources */,
				8E6CD7771CAC720C00A556F9 /* JoinCell.swift in Sources */,
			);
			runOnlyForDeploymentPostprocessing = 0;
		};
		E5508A141C1539CF00D23C26 /* Sources */ = {
			isa = PBXSourcesBuildPhase;
			buildActionMask = 2147483647;
			files = (
				E5508A1D1C1539CF00D23C26 /* BondVoyageTests.swift in Sources */,
			);
			runOnlyForDeploymentPostprocessing = 0;
		};
		E5508A1F1C1539CF00D23C26 /* Sources */ = {
			isa = PBXSourcesBuildPhase;
			buildActionMask = 2147483647;
			files = (
				E5508A281C1539CF00D23C26 /* BondVoyageUITests.swift in Sources */,
			);
			runOnlyForDeploymentPostprocessing = 0;
		};
/* End PBXSourcesBuildPhase section */

/* Begin PBXTargetDependency section */
		E5508A1A1C1539CF00D23C26 /* PBXTargetDependency */ = {
			isa = PBXTargetDependency;
			target = E5508A031C1539CF00D23C26 /* BondVoyage */;
			targetProxy = E5508A191C1539CF00D23C26 /* PBXContainerItemProxy */;
		};
		E5508A251C1539CF00D23C26 /* PBXTargetDependency */ = {
			isa = PBXTargetDependency;
			target = E5508A031C1539CF00D23C26 /* BondVoyage */;
			targetProxy = E5508A241C1539CF00D23C26 /* PBXContainerItemProxy */;
		};
/* End PBXTargetDependency section */

/* Begin PBXVariantGroup section */
		E5508A0B1C1539CF00D23C26 /* Main.storyboard */ = {
			isa = PBXVariantGroup;
			children = (
				E5508A0C1C1539CF00D23C26 /* Base */,
			);
			name = Main.storyboard;
			sourceTree = "<group>";
		};
		E5508A101C1539CF00D23C26 /* LaunchScreen.storyboard */ = {
			isa = PBXVariantGroup;
			children = (
				E5508A111C1539CF00D23C26 /* Base */,
			);
			name = LaunchScreen.storyboard;
			sourceTree = "<group>";
		};
/* End PBXVariantGroup section */

/* Begin XCBuildConfiguration section */
		E5508A2A1C1539CF00D23C26 /* Debug */ = {
			isa = XCBuildConfiguration;
			buildSettings = {
				ALWAYS_SEARCH_USER_PATHS = NO;
				CLANG_CXX_LANGUAGE_STANDARD = "gnu++0x";
				CLANG_CXX_LIBRARY = "libc++";
				CLANG_ENABLE_MODULES = YES;
				CLANG_ENABLE_OBJC_ARC = YES;
				CLANG_WARN_BOOL_CONVERSION = YES;
				CLANG_WARN_CONSTANT_CONVERSION = YES;
				CLANG_WARN_DIRECT_OBJC_ISA_USAGE = YES_ERROR;
				CLANG_WARN_EMPTY_BODY = YES;
				CLANG_WARN_ENUM_CONVERSION = YES;
				CLANG_WARN_INT_CONVERSION = YES;
				CLANG_WARN_OBJC_ROOT_CLASS = YES_ERROR;
				CLANG_WARN_UNREACHABLE_CODE = YES;
				CLANG_WARN__DUPLICATE_METHOD_MATCH = YES;
				"CODE_SIGN_IDENTITY[sdk=iphoneos*]" = "iPhone Developer";
				COPY_PHASE_STRIP = NO;
				DEBUG_INFORMATION_FORMAT = dwarf;
				ENABLE_STRICT_OBJC_MSGSEND = YES;
				ENABLE_TESTABILITY = YES;
				GCC_C_LANGUAGE_STANDARD = gnu99;
				GCC_DYNAMIC_NO_PIC = NO;
				GCC_NO_COMMON_BLOCKS = YES;
				GCC_OPTIMIZATION_LEVEL = 0;
				GCC_PREPROCESSOR_DEFINITIONS = (
					"DEBUG=1",
					"$(inherited)",
				);
				GCC_WARN_64_TO_32_BIT_CONVERSION = YES;
				GCC_WARN_ABOUT_RETURN_TYPE = YES_ERROR;
				GCC_WARN_UNDECLARED_SELECTOR = YES;
				GCC_WARN_UNINITIALIZED_AUTOS = YES_AGGRESSIVE;
				GCC_WARN_UNUSED_FUNCTION = YES;
				GCC_WARN_UNUSED_VARIABLE = YES;
				IPHONEOS_DEPLOYMENT_TARGET = 9.1;
				MTL_ENABLE_DEBUG_INFO = YES;
				ONLY_ACTIVE_ARCH = YES;
				SDKROOT = iphoneos;
				SWIFT_OPTIMIZATION_LEVEL = "-Onone";
				TARGETED_DEVICE_FAMILY = "1,2";
			};
			name = Debug;
		};
		E5508A2B1C1539CF00D23C26 /* Release */ = {
			isa = XCBuildConfiguration;
			buildSettings = {
				ALWAYS_SEARCH_USER_PATHS = NO;
				CLANG_CXX_LANGUAGE_STANDARD = "gnu++0x";
				CLANG_CXX_LIBRARY = "libc++";
				CLANG_ENABLE_MODULES = YES;
				CLANG_ENABLE_OBJC_ARC = YES;
				CLANG_WARN_BOOL_CONVERSION = YES;
				CLANG_WARN_CONSTANT_CONVERSION = YES;
				CLANG_WARN_DIRECT_OBJC_ISA_USAGE = YES_ERROR;
				CLANG_WARN_EMPTY_BODY = YES;
				CLANG_WARN_ENUM_CONVERSION = YES;
				CLANG_WARN_INT_CONVERSION = YES;
				CLANG_WARN_OBJC_ROOT_CLASS = YES_ERROR;
				CLANG_WARN_UNREACHABLE_CODE = YES;
				CLANG_WARN__DUPLICATE_METHOD_MATCH = YES;
				"CODE_SIGN_IDENTITY[sdk=iphoneos*]" = "iPhone Developer";
				COPY_PHASE_STRIP = NO;
				DEBUG_INFORMATION_FORMAT = "dwarf-with-dsym";
				ENABLE_NS_ASSERTIONS = NO;
				ENABLE_STRICT_OBJC_MSGSEND = YES;
				GCC_C_LANGUAGE_STANDARD = gnu99;
				GCC_NO_COMMON_BLOCKS = YES;
				GCC_WARN_64_TO_32_BIT_CONVERSION = YES;
				GCC_WARN_ABOUT_RETURN_TYPE = YES_ERROR;
				GCC_WARN_UNDECLARED_SELECTOR = YES;
				GCC_WARN_UNINITIALIZED_AUTOS = YES_AGGRESSIVE;
				GCC_WARN_UNUSED_FUNCTION = YES;
				GCC_WARN_UNUSED_VARIABLE = YES;
				IPHONEOS_DEPLOYMENT_TARGET = 9.1;
				MTL_ENABLE_DEBUG_INFO = NO;
				SDKROOT = iphoneos;
				TARGETED_DEVICE_FAMILY = "1,2";
				VALIDATE_PRODUCT = YES;
			};
			name = Release;
		};
		E5508A2D1C1539CF00D23C26 /* Debug */ = {
			isa = XCBuildConfiguration;
			baseConfigurationReference = B6C28C4717CC4A89C2110871 /* Pods-BondVoyage.debug.xcconfig */;
			buildSettings = {
				ASSETCATALOG_COMPILER_APPICON_NAME = AppIcon;
				CLANG_ALLOW_NON_MODULAR_INCLUDES_IN_FRAMEWORK_MODULES = NO;
				CLANG_ENABLE_MODULES = YES;
				CODE_SIGN_ENTITLEMENTS = BondVoyage/BondVoyage.entitlements;
				CODE_SIGN_IDENTITY = "iPhone Developer: Bobby Ren (UQA7D88UV9)";
				"CODE_SIGN_IDENTITY[sdk=iphoneos*]" = "iPhone Developer";
				DEVELOPMENT_TEAM = "";
				ENABLE_BITCODE = NO;
				FRAMEWORK_SEARCH_PATHS = (
					"$(inherited)",
					"$(PROJECT_DIR)",
				);
				INFOPLIST_FILE = BondVoyage/Info.plist;
				IPHONEOS_DEPLOYMENT_TARGET = 8.0;
				LD_RUNPATH_SEARCH_PATHS = "$(inherited) @executable_path/Frameworks";
				PRODUCT_BUNDLE_IDENTIFIER = com.bondvoyage.app;
				PRODUCT_NAME = "$(TARGET_NAME)";
				PROVISIONING_PROFILE = "";
				PROVISIONING_PROFILE_SPECIFIER = "";
				SWIFT_OBJC_BRIDGING_HEADER = "BondVoyage/BondVoyage-Bridging-Header.h";
				SWIFT_OPTIMIZATION_LEVEL = "-Onone";
				SWIFT_VERSION = 3.0;
				TARGETED_DEVICE_FAMILY = 1;
			};
			name = Debug;
		};
		E5508A2E1C1539CF00D23C26 /* Release */ = {
			isa = XCBuildConfiguration;
			baseConfigurationReference = 8D6E9023405E49836B5F8E52 /* Pods-BondVoyage.release.xcconfig */;
			buildSettings = {
				ASSETCATALOG_COMPILER_APPICON_NAME = AppIcon;
				CLANG_ALLOW_NON_MODULAR_INCLUDES_IN_FRAMEWORK_MODULES = NO;
				CLANG_ENABLE_MODULES = YES;
				CODE_SIGN_ENTITLEMENTS = BondVoyage/BondVoyage.entitlements;
				CODE_SIGN_IDENTITY = "iPhone Distribution: Bobby Ren (H799H8B8DD)";
				"CODE_SIGN_IDENTITY[sdk=iphoneos*]" = "iPhone Developer";
				ENABLE_BITCODE = NO;
				FRAMEWORK_SEARCH_PATHS = (
					"$(inherited)",
					"$(PROJECT_DIR)",
				);
				INFOPLIST_FILE = BondVoyage/Info.plist;
				IPHONEOS_DEPLOYMENT_TARGET = 8.0;
				LD_RUNPATH_SEARCH_PATHS = "$(inherited) @executable_path/Frameworks";
				PRODUCT_BUNDLE_IDENTIFIER = com.bondvoyage.app;
				PRODUCT_NAME = "$(TARGET_NAME)";
				PROVISIONING_PROFILE = "";
				SWIFT_OBJC_BRIDGING_HEADER = "BondVoyage/BondVoyage-Bridging-Header.h";
				SWIFT_VERSION = 3.0;
				TARGETED_DEVICE_FAMILY = 1;
			};
			name = Release;
		};
		E5508A301C1539CF00D23C26 /* Debug */ = {
			isa = XCBuildConfiguration;
			buildSettings = {
				BUNDLE_LOADER = "$(TEST_HOST)";
				INFOPLIST_FILE = BondVoyageTests/Info.plist;
				LD_RUNPATH_SEARCH_PATHS = "$(inherited) @executable_path/Frameworks @loader_path/Frameworks";
				PRODUCT_BUNDLE_IDENTIFIER = RenderApps.BondVoyageTests;
				PRODUCT_NAME = "$(TARGET_NAME)";
				SWIFT_VERSION = 3.0;
				TEST_HOST = "$(BUILT_PRODUCTS_DIR)/BondVoyage.app/BondVoyage";
			};
			name = Debug;
		};
		E5508A311C1539CF00D23C26 /* Release */ = {
			isa = XCBuildConfiguration;
			buildSettings = {
				BUNDLE_LOADER = "$(TEST_HOST)";
				INFOPLIST_FILE = BondVoyageTests/Info.plist;
				LD_RUNPATH_SEARCH_PATHS = "$(inherited) @executable_path/Frameworks @loader_path/Frameworks";
				PRODUCT_BUNDLE_IDENTIFIER = RenderApps.BondVoyageTests;
				PRODUCT_NAME = "$(TARGET_NAME)";
				SWIFT_VERSION = 3.0;
				TEST_HOST = "$(BUILT_PRODUCTS_DIR)/BondVoyage.app/BondVoyage";
			};
			name = Release;
		};
		E5508A331C1539CF00D23C26 /* Debug */ = {
			isa = XCBuildConfiguration;
			buildSettings = {
				INFOPLIST_FILE = BondVoyageUITests/Info.plist;
				LD_RUNPATH_SEARCH_PATHS = "$(inherited) @executable_path/Frameworks @loader_path/Frameworks";
				PRODUCT_BUNDLE_IDENTIFIER = RenderApps.BondVoyageUITests;
				PRODUCT_NAME = "$(TARGET_NAME)";
				SWIFT_VERSION = 3.0;
				TEST_TARGET_NAME = BondVoyage;
				USES_XCTRUNNER = YES;
			};
			name = Debug;
		};
		E5508A341C1539CF00D23C26 /* Release */ = {
			isa = XCBuildConfiguration;
			buildSettings = {
				INFOPLIST_FILE = BondVoyageUITests/Info.plist;
				LD_RUNPATH_SEARCH_PATHS = "$(inherited) @executable_path/Frameworks @loader_path/Frameworks";
				PRODUCT_BUNDLE_IDENTIFIER = RenderApps.BondVoyageUITests;
				PRODUCT_NAME = "$(TARGET_NAME)";
				SWIFT_VERSION = 3.0;
				TEST_TARGET_NAME = BondVoyage;
				USES_XCTRUNNER = YES;
			};
			name = Release;
		};
/* End XCBuildConfiguration section */

/* Begin XCConfigurationList section */
		E55089FF1C1539CF00D23C26 /* Build configuration list for PBXProject "BondVoyage" */ = {
			isa = XCConfigurationList;
			buildConfigurations = (
				E5508A2A1C1539CF00D23C26 /* Debug */,
				E5508A2B1C1539CF00D23C26 /* Release */,
			);
			defaultConfigurationIsVisible = 0;
			defaultConfigurationName = Release;
		};
		E5508A2C1C1539CF00D23C26 /* Build configuration list for PBXNativeTarget "BondVoyage" */ = {
			isa = XCConfigurationList;
			buildConfigurations = (
				E5508A2D1C1539CF00D23C26 /* Debug */,
				E5508A2E1C1539CF00D23C26 /* Release */,
			);
			defaultConfigurationIsVisible = 0;
			defaultConfigurationName = Release;
		};
		E5508A2F1C1539CF00D23C26 /* Build configuration list for PBXNativeTarget "BondVoyageTests" */ = {
			isa = XCConfigurationList;
			buildConfigurations = (
				E5508A301C1539CF00D23C26 /* Debug */,
				E5508A311C1539CF00D23C26 /* Release */,
			);
			defaultConfigurationIsVisible = 0;
			defaultConfigurationName = Release;
		};
		E5508A321C1539CF00D23C26 /* Build configuration list for PBXNativeTarget "BondVoyageUITests" */ = {
			isa = XCConfigurationList;
			buildConfigurations = (
				E5508A331C1539CF00D23C26 /* Debug */,
				E5508A341C1539CF00D23C26 /* Release */,
			);
			defaultConfigurationIsVisible = 0;
			defaultConfigurationName = Release;
		};
/* End XCConfigurationList section */
	};
	rootObject = E55089FC1C1539CF00D23C26 /* Project object */;
}
